
Microsoft Visual Studio Solution File, Format Version 12.00
# Visual Studio Version 16
VisualStudioVersion = 16.0.29201.188
MinimumVisualStudioVersion = 10.0.40219.1
Project("{FAE04EC0-301F-11D3-BF4B-00C04F79EFBC}") = "InternetProvider", "InternetProvider\InternetProvider.csproj", "{5CAE339E-A1A9-4D0D-B64F-089D8CB2C341}"
EndProject
Project("{FAE04EC0-301F-11D3-BF4B-00C04F79EFBC}") = "InternetProvider.Domain", "InternetProvider.Domain\InternetProvider.Domain.csproj", "{A2D7111B-64D4-464D-90CA-232552A8223F}"
EndProject
Project("{FAE04EC0-301F-11D3-BF4B-00C04F79EFBC}") = "InternetProvider.Domain.Interfaces", "InternetProvider.Domain.Interfaces\InternetProvider.Domain.Interfaces.csproj", "{796F9200-6ED4-47CC-BF55-EBE224731393}"
EndProject
Global
	GlobalSection(SolutionConfigurationPlatforms) = preSolution
		Debug|Any CPU = Debug|Any CPU
		Release|Any CPU = Release|Any CPU
	EndGlobalSection
	GlobalSection(ProjectConfigurationPlatforms) = postSolution
		{5CAE339E-A1A9-4D0D-B64F-089D8CB2C341}.Debug|Any CPU.ActiveCfg = Debug|Any CPU
		{5CAE339E-A1A9-4D0D-B64F-089D8CB2C341}.Debug|Any CPU.Build.0 = Debug|Any CPU
		{5CAE339E-A1A9-4D0D-B64F-089D8CB2C341}.Release|Any CPU.ActiveCfg = Release|Any CPU
		{5CAE339E-A1A9-4D0D-B64F-089D8CB2C341}.Release|Any CPU.Build.0 = Release|Any CPU
		{A2D7111B-64D4-464D-90CA-232552A8223F}.Debug|Any CPU.ActiveCfg = Debug|Any CPU
		{A2D7111B-64D4-464D-90CA-232552A8223F}.Debug|Any CPU.Build.0 = Debug|Any CPU
		{A2D7111B-64D4-464D-90CA-232552A8223F}.Release|Any CPU.ActiveCfg = Release|Any CPU
		{A2D7111B-64D4-464D-90CA-232552A8223F}.Release|Any CPU.Build.0 = Release|Any CPU
		{796F9200-6ED4-47CC-BF55-EBE224731393}.Debug|Any CPU.ActiveCfg = Debug|Any CPU
		{796F9200-6ED4-47CC-BF55-EBE224731393}.Debug|Any CPU.Build.0 = Debug|Any CPU
		{796F9200-6ED4-47CC-BF55-EBE224731393}.Release|Any CPU.ActiveCfg = Release|Any CPU
		{796F9200-6ED4-47CC-BF55-EBE224731393}.Release|Any CPU.Build.0 = Release|Any CPU
	EndGlobalSection
	GlobalSection(SolutionProperties) = preSolution
		HideSolutionNode = FALSE
	EndGlobalSection
	GlobalSection(ExtensibilityGlobals) = postSolution
		SolutionGuid = {F58C1E81-174D-4A07-A71A-6C36AF629D6B}
	EndGlobalSection
EndGlobal
